{
  "name": "foodstack",
  "version": "1.0.0",
  "lockfileVersion": 2,
  "requires": true,
  "packages": {
    "": {
      "version": "1.0.0",
      "license": "ISC",
      "dependencies": {
        "lcov2badge": "^0.1.2"
      }
    },
    "node_modules/byline": {
      "version": "4.2.2",
      "resolved": "https://registry.npmjs.org/byline/-/byline-4.2.2.tgz",
      "integrity": "sha1-wgOpilsCkIIqk4anjtosvVvNsy8=",
      "engines": {
        "node": ">=0.10.0"
      }
    },
    "node_modules/dot": {
      "version": "1.1.3",
      "resolved": "https://registry.npmjs.org/dot/-/dot-1.1.3.tgz",
      "integrity": "sha512-/nt74Rm+PcfnirXGEdhZleTwGC2LMnuKTeeTIlI82xb5loBBoXNYzr2ezCroPSMtilK8EZIfcNZwOcHN+ib1Lg==",
      "engines": [
        "node >=0.2.6"
      ],
      "bin": {
        "dottojs": "bin/dot-packer"
      }
    },
    "node_modules/lcov2badge": {
      "version": "0.1.2",
      "resolved": "https://registry.npmjs.org/lcov2badge/-/lcov2badge-0.1.2.tgz",
      "integrity": "sha512-kXi1oE5hFfv/l7P4858d8+5FkaNNWTiSn1bi2JRusbyvYNuzxldCRr9YVnyBy/uBLevQxZvamtyN5PdpDpOXzQ==",
      "dependencies": {
        "byline": "^4.1.1",
        "shields-lightweight": "^0.1.0"
      }
    },
    "node_modules/shields-lightweight": {
      "version": "0.1.0",
      "resolved": "https://registry.npmjs.org/shields-lightweight/-/shields-lightweight-0.1.0.tgz",
      "integrity": "sha1-qZj8mDtClhXiPUqBhJJUJIF5V6o=",
      "dependencies": {
        "dot": "^1.0.3"
      }
    }
  },
  "dependencies": {
    "byline": {
      "version": "4.2.2",
      "resolved": "https://registry.npmjs.org/byline/-/byline-4.2.2.tgz",
      "integrity": "sha1-wgOpilsCkIIqk4anjtosvVvNsy8="
    },
    "dot": {
      "version": "1.1.3",
      "resolved": "https://registry.npmjs.org/dot/-/dot-1.1.3.tgz",
      "integrity": "sha512-/nt74Rm+PcfnirXGEdhZleTwGC2LMnuKTeeTIlI82xb5loBBoXNYzr2ezCroPSMtilK8EZIfcNZwOcHN+ib1Lg=="
    },
    "lcov2badge": {
      "version": "0.1.2",
      "resolved": "https://registry.npmjs.org/lcov2badge/-/lcov2badge-0.1.2.tgz",
      "integrity": "sha512-kXi1oE5hFfv/l7P4858d8+5FkaNNWTiSn1bi2JRusbyvYNuzxldCRr9YVnyBy/uBLevQxZvamtyN5PdpDpOXzQ==",
      "requires": {
        "byline": "^4.1.1",
        "shields-lightweight": "^0.1.0"
      }
    },
    "shields-lightweight": {
      "version": "0.1.0",
      "resolved": "https://registry.npmjs.org/shields-lightweight/-/shields-lightweight-0.1.0.tgz",
      "integrity": "sha1-qZj8mDtClhXiPUqBhJJUJIF5V6o=",
      "requires": {
        "dot": "^1.0.3"
      }
    }
  }
}
